{
  "originHash" : "7fb3a771fd1e29c02e9dc158e1a167de01626e0941da4240413396214dd615ec",
  "pins" : [
    {
      "identity" : "kissxml",
      "kind" : "remoteSourceControl",
      "location" : "https://github.com/robbiehanson/KissXML",
      "state" : {
        "branch" : "master",
        "revision" : "990cdef080213b5a3f0d9709b845d553bd3ddb97"
      }
    },
    {
      "identity" : "maplibre-gl-native-distribution",
      "kind" : "remoteSourceControl",
      "location" : "https://github.com/maplibre/maplibre-gl-native-distribution",
      "state" : {
        "revision" : "93cb32c95b48f62edb27c75792038849cdfdaa35",
        "version" : "6.9.0"
      }
    }
  ],
  "version" : 3
}
