{
  "originHash" : "42f493c2bdadf08d86c0d6ef9ef23ed1fe5a95ad292dd7e62ca8f84f54bbff11",
  "pins" : [
    {
      "identity" : "fastcodable",
      "kind" : "remoteSourceControl",
      "location" : "https://github.com/bryceco/FastCodable",
      "state" : {
        "branch" : "main",
        "revision" : "4f698d964291095ea4dd211ae432582bbea631e3"
      }
    },
    {
      "identity" : "kissxml",
      "kind" : "remoteSourceControl",
      "location" : "https://github.com/robbiehanson/KissXML",
      "state" : {
        "branch" : "master",
        "revision" : "990cdef080213b5a3f0d9709b845d553bd3ddb97"
      }
    },
    {
      "identity" : "maplibre-gl-native-distribution",
      "kind" : "remoteSourceControl",
      "location" : "https://github.com/maplibre/maplibre-gl-native-distribution",
      "state" : {
        "revision" : "92505cfbad5c5ed6a93e0f3cd70872aaa98a12ac",
        "version" : "6.2.0"
      }
    }
  ],
  "version" : 3
}
