// !$*UTF8*$!
{
	archiveVersion = 1;
	classes = {
	};
	objectVersion = 46;
	objects = {

/* Begin PBXBuildFile section */
		02117CB4163D9FE700EFC9CE /* BlueBall.png in Resources */ = {isa = PBXBuildFile; fileRef = 02117CB3163D9FE700EFC9CE /* BlueBall.png */; };
		02117CB6163DBBB800EFC9CE /* BingPlaceholderImage.png in Resources */ = {isa = PBXBuildFile; fileRef = 02117CB5163DBBB800EFC9CE /* BingPlaceholderImage.png */; };
		021F713C211D040B000BFA32 /* BingLogo.png in Resources */ = {isa = PBXBuildFile; fileRef = 021F713B211D040A000BFA32 /* BingLogo.png */; };
		021F713E211D0C13000BFA32 /* png in Resources */ = {isa = PBXBuildFile; fileRef = 021F713D211D0C13000BFA32 /* png */; };
		026E8CB21612B7CA0098345C /* CoreLocation.framework in Frameworks */ = {isa = PBXBuildFile; fileRef = 026E8CB11612B7CA0098345C /* CoreLocation.framework */; };
		026E8CC31612DF620098345C /* QuartzCore.framework in Frameworks */ = {isa = PBXBuildFile; fileRef = 026E8CC21612DF620098345C /* QuartzCore.framework */; };
		027A46A01673BA2C000BE55C /* OSM-Logo256.ico in Resources */ = {isa = PBXBuildFile; fileRef = 027A469F1673BA2B000BE55C /* OSM-Logo256.ico */; };
		029AD6EA164207340045B20D /* libsqlite3.0.dylib in Frameworks */ = {isa = PBXBuildFile; fileRef = 029AD6E9164207340045B20D /* libsqlite3.0.dylib */; };
		029AD6F41642EDC40045B20D /* WebKit.framework in Frameworks */ = {isa = PBXBuildFile; fileRef = 029AD6F31642EDC40045B20D /* WebKit.framework */; };
		029B19E7211D137600CCAA7A /* MainMenu.xib in Resources */ = {isa = PBXBuildFile; fileRef = 029B19E5211D12FB00CCAA7A /* MainMenu.xib */; };
		029B19E8211D137600CCAA7A /* MainWindow.xib in Resources */ = {isa = PBXBuildFile; fileRef = 029B19E3211D12FB00CCAA7A /* MainWindow.xib */; };
		029B1A09211D146300CCAA7A /* TagInfoEditorWindowController.xib in Resources */ = {isa = PBXBuildFile; fileRef = 029B19EA211D146100CCAA7A /* TagInfoEditorWindowController.xib */; };
		029B1A0A211D146300CCAA7A /* UsersWindowController.xib in Resources */ = {isa = PBXBuildFile; fileRef = 029B19EB211D146100CCAA7A /* UsersWindowController.xib */; };
		029B1A0C211D146300CCAA7A /* TagInfoEditorWindowController.m in Sources */ = {isa = PBXBuildFile; fileRef = 029B19EE211D146100CCAA7A /* TagInfoEditorWindowController.m */; };
		029B1A0D211D146300CCAA7A /* TagEditorWindowController.xib in Resources */ = {isa = PBXBuildFile; fileRef = 029B19EF211D146100CCAA7A /* TagEditorWindowController.xib */; };
		029B1A0E211D146300CCAA7A /* changeset copy.xsl in Resources */ = {isa = PBXBuildFile; fileRef = 029B19F1211D146100CCAA7A /* changeset copy.xsl */; };
		029B1A0F211D146300CCAA7A /* TextInputWindowController.m in Sources */ = {isa = PBXBuildFile; fileRef = 029B19F4211D146100CCAA7A /* TextInputWindowController.m */; };
		029B1A10211D146300CCAA7A /* ChangesWindowController.m in Sources */ = {isa = PBXBuildFile; fileRef = 029B19F5211D146100CCAA7A /* ChangesWindowController.m */; };
		029B1A11211D146300CCAA7A /* ChangesWindowController.xib in Resources */ = {isa = PBXBuildFile; fileRef = 029B19F7211D146200CCAA7A /* ChangesWindowController.xib */; };
		029B1A12211D146300CCAA7A /* TabbingTableView.m in Sources */ = {isa = PBXBuildFile; fileRef = 029B19F8211D146200CCAA7A /* TabbingTableView.m */; };
		029B1A13211D146300CCAA7A /* TagEditorWindowController.m in Sources */ = {isa = PBXBuildFile; fileRef = 029B19F9211D146200CCAA7A /* TagEditorWindowController.m */; };
		029B1A14211D146300CCAA7A /* TODO in Resources */ = {isa = PBXBuildFile; fileRef = 029B19FC211D146200CCAA7A /* TODO */; };
		029B1A15211D146300CCAA7A /* MainWindowController.m in Sources */ = {isa = PBXBuildFile; fileRef = 029B19FD211D146200CCAA7A /* MainWindowController.m */; };
		029B1A16211D146300CCAA7A /* UsersWindowController.m in Sources */ = {isa = PBXBuildFile; fileRef = 029B1A00211D146200CCAA7A /* UsersWindowController.m */; };
		029B1A17211D146300CCAA7A /* HtmlErrorWindow.m in Sources */ = {isa = PBXBuildFile; fileRef = 029B1A03211D146200CCAA7A /* HtmlErrorWindow.m */; };
		029B1A19211D146300CCAA7A /* TextInputWindowController.xib in Resources */ = {isa = PBXBuildFile; fileRef = 029B1A05211D146300CCAA7A /* TextInputWindowController.xib */; };
		029B1A1A211D146300CCAA7A /* AppDelegate.m in Sources */ = {isa = PBXBuildFile; fileRef = 029B1A06211D146300CCAA7A /* AppDelegate.m */; };
		029B1A1B211D146300CCAA7A /* main.m in Sources */ = {isa = PBXBuildFile; fileRef = 029B1A07211D146300CCAA7A /* main.m */; };
		029B1A1C211D146300CCAA7A /* HtmlErrorWindow.xib in Resources */ = {isa = PBXBuildFile; fileRef = 029B1A08211D146300CCAA7A /* HtmlErrorWindow.xib */; };
		029B1A5B211D14D800CCAA7A /* CommonTagList.m in Sources */ = {isa = PBXBuildFile; fileRef = 029B1A1F211D14D200CCAA7A /* CommonTagList.m */; };
		029B1A5C211D14D800CCAA7A /* ExternalGPS.m in Sources */ = {isa = PBXBuildFile; fileRef = 029B1A20211D14D200CCAA7A /* ExternalGPS.m */; };
		029B1A5D211D14D800CCAA7A /* LocationBallLayer.m in Sources */ = {isa = PBXBuildFile; fileRef = 029B1A22211D14D200CCAA7A /* LocationBallLayer.m */; };
		029B1A5F211D14D800CCAA7A /* OsmMapData+Edit.m in Sources */ = {isa = PBXBuildFile; fileRef = 029B1A24211D14D200CCAA7A /* OsmMapData+Edit.m */; };
		029B1A60211D14D800CCAA7A /* DownloadThreadPool.m in Sources */ = {isa = PBXBuildFile; fileRef = 029B1A25211D14D200CCAA7A /* DownloadThreadPool.m */; };
		029B1A61211D14D800CCAA7A /* DisplayLink.m in Sources */ = {isa = PBXBuildFile; fileRef = 029B1A29211D14D200CCAA7A /* DisplayLink.m */; };
		029B1A62211D14D800CCAA7A /* MercatorTileLayer.m in Sources */ = {isa = PBXBuildFile; fileRef = 029B1A2A211D14D300CCAA7A /* MercatorTileLayer.m */; };
		029B1A63211D14D800CCAA7A /* changeset.xsl in Resources */ = {isa = PBXBuildFile; fileRef = 029B1A2C211D14D300CCAA7A /* changeset.xsl */; };
		029B1A64211D14D800CCAA7A /* GpxLayer.m in Sources */ = {isa = PBXBuildFile; fileRef = 029B1A2F211D14D300CCAA7A /* GpxLayer.m */; };
		029B1A65211D14D800CCAA7A /* Database.m in Sources */ = {isa = PBXBuildFile; fileRef = 029B1A30211D14D300CCAA7A /* Database.m */; };
		029B1A66211D14D800CCAA7A /* SpeechBalloonLayer.m in Sources */ = {isa = PBXBuildFile; fileRef = 029B1A35211D14D300CCAA7A /* SpeechBalloonLayer.m */; };
		029B1A67211D14D800CCAA7A /* AerialList.m in Sources */ = {isa = PBXBuildFile; fileRef = 029B1A37211D14D400CCAA7A /* AerialList.m */; };
		029B1A68211D14D800CCAA7A /* PathUtil.m in Sources */ = {isa = PBXBuildFile; fileRef = 029B1A38211D14D400CCAA7A /* PathUtil.m */; };
		029B1A69211D14D800CCAA7A /* NSMutableArray+PartialSort.mm in Sources */ = {isa = PBXBuildFile; fileRef = 029B1A39211D14D400CCAA7A /* NSMutableArray+PartialSort.mm */; };
		029B1A6A211D14D800CCAA7A /* OsmObjects.m in Sources */ = {isa = PBXBuildFile; fileRef = 029B1A3B211D14D400CCAA7A /* OsmObjects.m */; };
		029B1A6B211D14D800CCAA7A /* QuadMapC.mm in Sources */ = {isa = PBXBuildFile; fileRef = 029B1A3C211D14D400CCAA7A /* QuadMapC.mm */; };
		029B1A6C211D14D800CCAA7A /* VectorMath.m in Sources */ = {isa = PBXBuildFile; fileRef = 029B1A3D211D14D400CCAA7A /* VectorMath.m */; };
		029B1A6D211D14D800CCAA7A /* MapView.m in Sources */ = {isa = PBXBuildFile; fileRef = 029B1A3F211D14D400CCAA7A /* MapView.m */; };
		029B1A6E211D14D800CCAA7A /* SpeechBalloonView.m in Sources */ = {isa = PBXBuildFile; fileRef = 029B1A40211D14D500CCAA7A /* SpeechBalloonView.m */; };
		029B1A6F211D14D800CCAA7A /* CurvedTextLayer.m in Sources */ = {isa = PBXBuildFile; fileRef = 029B1A42211D14D500CCAA7A /* CurvedTextLayer.m */; };
		029B1A70211D14D800CCAA7A /* UndoManager.m in Sources */ = {isa = PBXBuildFile; fileRef = 029B1A44211D14D500CCAA7A /* UndoManager.m */; };
		029B1A71211D14D800CCAA7A /* QuadMap.m in Sources */ = {isa = PBXBuildFile; fileRef = 029B1A45211D14D500CCAA7A /* QuadMap.m */; };
		029B1A72211D14D800CCAA7A /* EditorMapLayer.m in Sources */ = {isa = PBXBuildFile; fileRef = 029B1A47211D14D500CCAA7A /* EditorMapLayer.m */; };
		029B1A73211D14D800CCAA7A /* RulerLayer.m in Sources */ = {isa = PBXBuildFile; fileRef = 029B1A4A211D14D600CCAA7A /* RulerLayer.m */; };
		029B1A74211D14D800CCAA7A /* OsmNotesDatabase.m in Sources */ = {isa = PBXBuildFile; fileRef = 029B1A4E211D14D600CCAA7A /* OsmNotesDatabase.m */; };
		029B1A75211D14D800CCAA7A /* OsmMapData.m in Sources */ = {isa = PBXBuildFile; fileRef = 029B1A51211D14D700CCAA7A /* OsmMapData.m */; };
		029B1A76211D14D800CCAA7A /* TagInfo.menu.xml in Resources */ = {isa = PBXBuildFile; fileRef = 029B1A52211D14D700CCAA7A /* TagInfo.menu.xml */; };
		029B1A78211D14D800CCAA7A /* KeyChain.m in Sources */ = {isa = PBXBuildFile; fileRef = 029B1A56211D14D700CCAA7A /* KeyChain.m */; };
		029B1A79211D14D800CCAA7A /* TagInfo.m in Sources */ = {isa = PBXBuildFile; fileRef = 029B1A58211D14D800CCAA7A /* TagInfo.m */; };
		029B1A7A211D14D800CCAA7A /* TagInfo.xml in Resources */ = {isa = PBXBuildFile; fileRef = 029B1A59211D14D800CCAA7A /* TagInfo.xml */; };
		02C4254D1677F7BE00761C54 /* DetailDisclosure.png in Resources */ = {isa = PBXBuildFile; fileRef = 02C4254C1677F7BE00761C54 /* DetailDisclosure.png */; };
		02CCCEFD194AA14C00FCE2F6 /* Foundation.framework in Frameworks */ = {isa = PBXBuildFile; fileRef = 02CCCEFC194AA14C00FCE2F6 /* Foundation.framework */; };
		02DD19712159C51F0008CFC2 /* NetworkStatus.m in Sources */ = {isa = PBXBuildFile; fileRef = 02DD19702159C51F0008CFC2 /* NetworkStatus.m */; };
		02FE3F5A15F113CA00A6CFAE /* Cocoa.framework in Frameworks */ = {isa = PBXBuildFile; fileRef = 02FE3F5915F113CA00A6CFAE /* Cocoa.framework */; };
		02FE3F8715F13C7300A6CFAE /* libbz2.dylib in Frameworks */ = {isa = PBXBuildFile; fileRef = 02FE3F8615F13C7300A6CFAE /* libbz2.dylib */; };
/* End PBXBuildFile section */

/* Begin PBXFileReference section */
		02117CB3163D9FE700EFC9CE /* BlueBall.png */ = {isa = PBXFileReference; lastKnownFileType = image.png; name = BlueBall.png; path = ../Images/BlueBall.png; sourceTree = "<group>"; };
		02117CB5163DBBB800EFC9CE /* BingPlaceholderImage.png */ = {isa = PBXFileReference; lastKnownFileType = image.png; name = BingPlaceholderImage.png; path = ../Images/BingPlaceholderImage.png; sourceTree = "<group>"; };
		021F713B211D040A000BFA32 /* BingLogo.png */ = {isa = PBXFileReference; lastKnownFileType = image.png; name = BingLogo.png; path = ../Images/BingLogo.png; sourceTree = "<group>"; };
		021F713D211D0C13000BFA32 /* png */ = {isa = PBXFileReference; lastKnownFileType = folder; name = png; path = ../png; sourceTree = "<group>"; };
		026E8CB11612B7CA0098345C /* CoreLocation.framework */ = {isa = PBXFileReference; lastKnownFileType = wrapper.framework; name = CoreLocation.framework; path = System/Library/Frameworks/CoreLocation.framework; sourceTree = SDKROOT; };
		026E8CC21612DF620098345C /* QuartzCore.framework */ = {isa = PBXFileReference; lastKnownFileType = wrapper.framework; name = QuartzCore.framework; path = System/Library/Frameworks/QuartzCore.framework; sourceTree = SDKROOT; };
		0275B3B61615819500124A14 /* OpenStreetMap.entitlements */ = {isa = PBXFileReference; lastKnownFileType = text.plist.entitlements; path = OpenStreetMap.entitlements; sourceTree = "<group>"; };
		027A469F1673BA2B000BE55C /* OSM-Logo256.ico */ = {isa = PBXFileReference; lastKnownFileType = image.ico; name = "OSM-Logo256.ico"; path = "../OSM-Logo256.ico"; sourceTree = "<group>"; };
		029AD6E9164207340045B20D /* libsqlite3.0.dylib */ = {isa = PBXFileReference; lastKnownFileType = "compiled.mach-o.dylib"; name = libsqlite3.0.dylib; path = usr/lib/libsqlite3.0.dylib; sourceTree = SDKROOT; };
		029AD6F31642EDC40045B20D /* WebKit.framework */ = {isa = PBXFileReference; lastKnownFileType = wrapper.framework; name = WebKit.framework; path = System/Library/Frameworks/WebKit.framework; sourceTree = SDKROOT; };
		029B19E3211D12FB00CCAA7A /* MainWindow.xib */ = {isa = PBXFileReference; lastKnownFileType = file.xib; name = MainWindow.xib; path = ../Mac/MainWindow.xib; sourceTree = "<group>"; };
		029B19E4211D12FB00CCAA7A /* Credits.rtf */ = {isa = PBXFileReference; lastKnownFileType = text.rtf; name = Credits.rtf; path = ../Mac/Credits.rtf; sourceTree = "<group>"; };
		029B19E5211D12FB00CCAA7A /* MainMenu.xib */ = {isa = PBXFileReference; lastKnownFileType = file.xib; name = MainMenu.xib; path = ../Mac/MainMenu.xib; sourceTree = "<group>"; };
		029B19E6211D12FC00CCAA7A /* InfoPlist.strings */ = {isa = PBXFileReference; lastKnownFileType = text.plist.strings; name = InfoPlist.strings; path = ../Mac/InfoPlist.strings; sourceTree = "<group>"; };
		029B19EA211D146100CCAA7A /* TagInfoEditorWindowController.xib */ = {isa = PBXFileReference; fileEncoding = 4; lastKnownFileType = file.xib; path = TagInfoEditorWindowController.xib; sourceTree = SOURCE_ROOT; };
		029B19EB211D146100CCAA7A /* UsersWindowController.xib */ = {isa = PBXFileReference; fileEncoding = 4; lastKnownFileType = file.xib; path = UsersWindowController.xib; sourceTree = SOURCE_ROOT; };
		029B19EC211D146100CCAA7A /* TagInfoEditorWindowController.h */ = {isa = PBXFileReference; fileEncoding = 4; lastKnownFileType = sourcecode.c.h; path = TagInfoEditorWindowController.h; sourceTree = SOURCE_ROOT; };
		029B19ED211D146100CCAA7A /* OpenStreetMap-Info.plist */ = {isa = PBXFileReference; fileEncoding = 4; lastKnownFileType = text.plist.xml; path = "OpenStreetMap-Info.plist"; sourceTree = SOURCE_ROOT; };
		029B19EE211D146100CCAA7A /* TagInfoEditorWindowController.m */ = {isa = PBXFileReference; fileEncoding = 4; lastKnownFileType = sourcecode.c.objc; path = TagInfoEditorWindowController.m; sourceTree = SOURCE_ROOT; };
		029B19EF211D146100CCAA7A /* TagEditorWindowController.xib */ = {isa = PBXFileReference; fileEncoding = 4; lastKnownFileType = file.xib; path = TagEditorWindowController.xib; sourceTree = SOURCE_ROOT; };
		029B19F0211D146100CCAA7A /* TagEditorWindowController.h */ = {isa = PBXFileReference; fileEncoding = 4; lastKnownFileType = sourcecode.c.h; path = TagEditorWindowController.h; sourceTree = SOURCE_ROOT; };
		029B19F1211D146100CCAA7A /* changeset copy.xsl */ = {isa = PBXFileReference; fileEncoding = 4; lastKnownFileType = text.xml; path = "changeset copy.xsl"; sourceTree = SOURCE_ROOT; };
		029B19F2211D146100CCAA7A /* MainWindowController.h */ = {isa = PBXFileReference; fileEncoding = 4; lastKnownFileType = sourcecode.c.h; path = MainWindowController.h; sourceTree = SOURCE_ROOT; };
		029B19F3211D146100CCAA7A /* AppDelegate.h */ = {isa = PBXFileReference; fileEncoding = 4; lastKnownFileType = sourcecode.c.h; path = AppDelegate.h; sourceTree = SOURCE_ROOT; };
		029B19F4211D146100CCAA7A /* TextInputWindowController.m */ = {isa = PBXFileReference; fileEncoding = 4; lastKnownFileType = sourcecode.c.objc; path = TextInputWindowController.m; sourceTree = SOURCE_ROOT; };
		029B19F5211D146100CCAA7A /* ChangesWindowController.m */ = {isa = PBXFileReference; fileEncoding = 4; lastKnownFileType = sourcecode.c.objc; path = ChangesWindowController.m; sourceTree = SOURCE_ROOT; };
		029B19F6211D146100CCAA7A /* TabbingTableView.h */ = {isa = PBXFileReference; fileEncoding = 4; lastKnownFileType = sourcecode.c.h; path = TabbingTableView.h; sourceTree = SOURCE_ROOT; };
		029B19F7211D146200CCAA7A /* ChangesWindowController.xib */ = {isa = PBXFileReference; fileEncoding = 4; lastKnownFileType = file.xib; path = ChangesWindowController.xib; sourceTree = SOURCE_ROOT; };
		029B19F8211D146200CCAA7A /* TabbingTableView.m */ = {isa = PBXFileReference; fileEncoding = 4; lastKnownFileType = sourcecode.c.objc; path = TabbingTableView.m; sourceTree = SOURCE_ROOT; };
		029B19F9211D146200CCAA7A /* TagEditorWindowController.m */ = {isa = PBXFileReference; fileEncoding = 4; lastKnownFileType = sourcecode.c.objc; path = TagEditorWindowController.m; sourceTree = SOURCE_ROOT; };
		029B19FA211D146200CCAA7A /* HtmlErrorWindow.h */ = {isa = PBXFileReference; fileEncoding = 4; lastKnownFileType = sourcecode.c.h; path = HtmlErrorWindow.h; sourceTree = SOURCE_ROOT; };
		029B19FB211D146200CCAA7A /* TextInputWindowController.h */ = {isa = PBXFileReference; fileEncoding = 4; lastKnownFileType = sourcecode.c.h; path = TextInputWindowController.h; sourceTree = SOURCE_ROOT; };
		029B19FC211D146200CCAA7A /* TODO */ = {isa = PBXFileReference; fileEncoding = 4; lastKnownFileType = text; path = TODO; sourceTree = SOURCE_ROOT; };
		029B19FD211D146200CCAA7A /* MainWindowController.m */ = {isa = PBXFileReference; fileEncoding = 4; lastKnownFileType = sourcecode.c.objc; path = MainWindowController.m; sourceTree = SOURCE_ROOT; };
		029B19FE211D146200CCAA7A /* OpenStreetMap-Prefix.pch */ = {isa = PBXFileReference; fileEncoding = 4; lastKnownFileType = sourcecode.c.h; path = "OpenStreetMap-Prefix.pch"; sourceTree = SOURCE_ROOT; };
		029B19FF211D146200CCAA7A /* OpenStreetMap.entitlements */ = {isa = PBXFileReference; fileEncoding = 4; lastKnownFileType = text.plist.entitlements; path = OpenStreetMap.entitlements; sourceTree = SOURCE_ROOT; };
		029B1A00211D146200CCAA7A /* UsersWindowController.m */ = {isa = PBXFileReference; fileEncoding = 4; lastKnownFileType = sourcecode.c.objc; path = UsersWindowController.m; sourceTree = SOURCE_ROOT; };
		029B1A01211D146200CCAA7A /* ChangesWindowController.h */ = {isa = PBXFileReference; fileEncoding = 4; lastKnownFileType = sourcecode.c.h; path = ChangesWindowController.h; sourceTree = SOURCE_ROOT; };
		029B1A02211D146200CCAA7A /* UsersWindowController.h */ = {isa = PBXFileReference; fileEncoding = 4; lastKnownFileType = sourcecode.c.h; path = UsersWindowController.h; sourceTree = SOURCE_ROOT; };
		029B1A03211D146200CCAA7A /* HtmlErrorWindow.m */ = {isa = PBXFileReference; fileEncoding = 4; lastKnownFileType = sourcecode.c.objc; path = HtmlErrorWindow.m; sourceTree = SOURCE_ROOT; };
		029B1A05211D146300CCAA7A /* TextInputWindowController.xib */ = {isa = PBXFileReference; fileEncoding = 4; lastKnownFileType = file.xib; path = TextInputWindowController.xib; sourceTree = SOURCE_ROOT; };
		029B1A06211D146300CCAA7A /* AppDelegate.m */ = {isa = PBXFileReference; fileEncoding = 4; lastKnownFileType = sourcecode.c.objc; path = AppDelegate.m; sourceTree = SOURCE_ROOT; };
		029B1A07211D146300CCAA7A /* main.m */ = {isa = PBXFileReference; fileEncoding = 4; lastKnownFileType = sourcecode.c.objc; path = main.m; sourceTree = SOURCE_ROOT; };
		029B1A08211D146300CCAA7A /* HtmlErrorWindow.xib */ = {isa = PBXFileReference; fileEncoding = 4; lastKnownFileType = file.xib; path = HtmlErrorWindow.xib; sourceTree = SOURCE_ROOT; };
		029B1A1F211D14D200CCAA7A /* CommonTagList.m */ = {isa = PBXFileReference; fileEncoding = 4; lastKnownFileType = sourcecode.c.objc; path = CommonTagList.m; sourceTree = "<group>"; };
		029B1A20211D14D200CCAA7A /* ExternalGPS.m */ = {isa = PBXFileReference; fileEncoding = 4; lastKnownFileType = sourcecode.c.objc; path = ExternalGPS.m; sourceTree = "<group>"; };
		029B1A21211D14D200CCAA7A /* CurvedTextLayer.h */ = {isa = PBXFileReference; fileEncoding = 4; lastKnownFileType = sourcecode.c.h; path = CurvedTextLayer.h; sourceTree = "<group>"; };
		029B1A22211D14D200CCAA7A /* LocationBallLayer.m */ = {isa = PBXFileReference; fileEncoding = 4; lastKnownFileType = sourcecode.c.objc; path = LocationBallLayer.m; sourceTree = "<group>"; };
		029B1A24211D14D200CCAA7A /* OsmMapData+Edit.m */ = {isa = PBXFileReference; fileEncoding = 4; lastKnownFileType = sourcecode.c.objc; path = "OsmMapData+Edit.m"; sourceTree = "<group>"; };
		029B1A25211D14D200CCAA7A /* DownloadThreadPool.m */ = {isa = PBXFileReference; fileEncoding = 4; lastKnownFileType = sourcecode.c.objc; path = DownloadThreadPool.m; sourceTree = "<group>"; };
		029B1A26211D14D200CCAA7A /* ExternalGPS.h */ = {isa = PBXFileReference; fileEncoding = 4; lastKnownFileType = sourcecode.c.h; path = ExternalGPS.h; sourceTree = "<group>"; };
		029B1A27211D14D200CCAA7A /* EditorMapLayer.h */ = {isa = PBXFileReference; fileEncoding = 4; lastKnownFileType = sourcecode.c.h; path = EditorMapLayer.h; sourceTree = "<group>"; };
		029B1A28211D14D200CCAA7A /* SpeechBalloonView.h */ = {isa = PBXFileReference; fileEncoding = 4; lastKnownFileType = sourcecode.c.h; path = SpeechBalloonView.h; sourceTree = "<group>"; };
		029B1A29211D14D200CCAA7A /* DisplayLink.m */ = {isa = PBXFileReference; fileEncoding = 4; lastKnownFileType = sourcecode.c.objc; path = DisplayLink.m; sourceTree = "<group>"; };
		029B1A2A211D14D300CCAA7A /* MercatorTileLayer.m */ = {isa = PBXFileReference; fileEncoding = 4; lastKnownFileType = sourcecode.c.objc; path = MercatorTileLayer.m; sourceTree = "<group>"; };
		029B1A2B211D14D300CCAA7A /* MercatorTileLayer.h */ = {isa = PBXFileReference; fileEncoding = 4; lastKnownFileType = sourcecode.c.h; path = MercatorTileLayer.h; sourceTree = "<group>"; };
		029B1A2C211D14D300CCAA7A /* changeset.xsl */ = {isa = PBXFileReference; fileEncoding = 4; lastKnownFileType = text.xml; path = changeset.xsl; sourceTree = "<group>"; };
		029B1A2D211D14D300CCAA7A /* NSMutableArray+PartialSort.h */ = {isa = PBXFileReference; fileEncoding = 4; lastKnownFileType = sourcecode.c.h; path = "NSMutableArray+PartialSort.h"; sourceTree = "<group>"; };
		029B1A2E211D14D300CCAA7A /* OsmObjects.h */ = {isa = PBXFileReference; fileEncoding = 4; lastKnownFileType = sourcecode.c.h; path = OsmObjects.h; sourceTree = "<group>"; };
		029B1A2F211D14D300CCAA7A /* GpxLayer.m */ = {isa = PBXFileReference; fileEncoding = 4; lastKnownFileType = sourcecode.c.objc; path = GpxLayer.m; sourceTree = "<group>"; };
		029B1A30211D14D300CCAA7A /* Database.m */ = {isa = PBXFileReference; fileEncoding = 4; lastKnownFileType = sourcecode.c.objc; path = Database.m; sourceTree = "<group>"; };
		029B1A31211D14D300CCAA7A /* KeyChain.h */ = {isa = PBXFileReference; fileEncoding = 4; lastKnownFileType = sourcecode.c.h; path = KeyChain.h; sourceTree = "<group>"; };
		029B1A32211D14D300CCAA7A /* DownloadThreadPool.h */ = {isa = PBXFileReference; fileEncoding = 4; lastKnownFileType = sourcecode.c.h; path = DownloadThreadPool.h; sourceTree = "<group>"; };
		029B1A33211D14D300CCAA7A /* AerialList.h */ = {isa = PBXFileReference; fileEncoding = 4; lastKnownFileType = sourcecode.c.h; path = AerialList.h; sourceTree = "<group>"; xcLanguageSpecificationIdentifier = xcode.lang.objcpp; };
		029B1A34211D14D300CCAA7A /* BingMapsGeometry.h */ = {isa = PBXFileReference; fileEncoding = 4; lastKnownFileType = sourcecode.c.h; path = BingMapsGeometry.h; sourceTree = "<group>"; };
		029B1A35211D14D300CCAA7A /* SpeechBalloonLayer.m */ = {isa = PBXFileReference; fileEncoding = 4; lastKnownFileType = sourcecode.c.objc; path = SpeechBalloonLayer.m; sourceTree = "<group>"; };
		029B1A36211D14D400CCAA7A /* QuadMap.h */ = {isa = PBXFileReference; fileEncoding = 4; lastKnownFileType = sourcecode.c.h; path = QuadMap.h; sourceTree = "<group>"; };
		029B1A37211D14D400CCAA7A /* AerialList.m */ = {isa = PBXFileReference; fileEncoding = 4; lastKnownFileType = sourcecode.c.objc; path = AerialList.m; sourceTree = "<group>"; };
		029B1A38211D14D400CCAA7A /* PathUtil.m */ = {isa = PBXFileReference; fileEncoding = 4; lastKnownFileType = sourcecode.c.objc; path = PathUtil.m; sourceTree = "<group>"; };
		029B1A39211D14D400CCAA7A /* NSMutableArray+PartialSort.mm */ = {isa = PBXFileReference; fileEncoding = 4; lastKnownFileType = sourcecode.cpp.objcpp; path = "NSMutableArray+PartialSort.mm"; sourceTree = "<group>"; };
		029B1A3A211D14D400CCAA7A /* SpeechBalloonLayer.h */ = {isa = PBXFileReference; fileEncoding = 4; lastKnownFileType = sourcecode.c.h; path = SpeechBalloonLayer.h; sourceTree = "<group>"; };
		029B1A3B211D14D400CCAA7A /* OsmObjects.m */ = {isa = PBXFileReference; fileEncoding = 4; lastKnownFileType = sourcecode.c.objc; path = OsmObjects.m; sourceTree = "<group>"; };
		029B1A3C211D14D400CCAA7A /* QuadMapC.mm */ = {isa = PBXFileReference; fileEncoding = 4; lastKnownFileType = sourcecode.cpp.objcpp; path = QuadMapC.mm; sourceTree = "<group>"; };
		029B1A3D211D14D400CCAA7A /* VectorMath.m */ = {isa = PBXFileReference; fileEncoding = 4; lastKnownFileType = sourcecode.c.objc; path = VectorMath.m; sourceTree = "<group>"; };
		029B1A3E211D14D400CCAA7A /* MapView.h */ = {isa = PBXFileReference; fileEncoding = 4; lastKnownFileType = sourcecode.c.h; path = MapView.h; sourceTree = "<group>"; };
		029B1A3F211D14D400CCAA7A /* MapView.m */ = {isa = PBXFileReference; fileEncoding = 4; lastKnownFileType = sourcecode.c.objc; path = MapView.m; sourceTree = "<group>"; };
		029B1A40211D14D500CCAA7A /* SpeechBalloonView.m */ = {isa = PBXFileReference; fileEncoding = 4; lastKnownFileType = sourcecode.c.objc; path = SpeechBalloonView.m; sourceTree = "<group>"; };
		029B1A41211D14D500CCAA7A /* OsmNotesDatabase.h */ = {isa = PBXFileReference; fileEncoding = 4; lastKnownFileType = sourcecode.c.h; path = OsmNotesDatabase.h; sourceTree = "<group>"; };
		029B1A42211D14D500CCAA7A /* CurvedTextLayer.m */ = {isa = PBXFileReference; fileEncoding = 4; lastKnownFileType = sourcecode.c.objc; path = CurvedTextLayer.m; sourceTree = "<group>"; };
		029B1A43211D14D500CCAA7A /* OsmMapData.h */ = {isa = PBXFileReference; fileEncoding = 4; lastKnownFileType = sourcecode.c.h; path = OsmMapData.h; sourceTree = "<group>"; };
		029B1A44211D14D500CCAA7A /* UndoManager.m */ = {isa = PBXFileReference; fileEncoding = 4; lastKnownFileType = sourcecode.c.objc; path = UndoManager.m; sourceTree = "<group>"; };
		029B1A45211D14D500CCAA7A /* QuadMap.m */ = {isa = PBXFileReference; fileEncoding = 4; lastKnownFileType = sourcecode.c.objc; path = QuadMap.m; sourceTree = "<group>"; };
		029B1A46211D14D500CCAA7A /* UndoManager.h */ = {isa = PBXFileReference; fileEncoding = 4; lastKnownFileType = sourcecode.c.h; path = UndoManager.h; sourceTree = "<group>"; };
		029B1A47211D14D500CCAA7A /* EditorMapLayer.m */ = {isa = PBXFileReference; fileEncoding = 4; lastKnownFileType = sourcecode.c.objc; path = EditorMapLayer.m; sourceTree = "<group>"; };
		029B1A48211D14D600CCAA7A /* OsmMapData+Edit.h */ = {isa = PBXFileReference; fileEncoding = 4; lastKnownFileType = sourcecode.c.h; path = "OsmMapData+Edit.h"; sourceTree = "<group>"; };
		029B1A49211D14D600CCAA7A /* PathUtil.h */ = {isa = PBXFileReference; fileEncoding = 4; lastKnownFileType = sourcecode.c.h; path = PathUtil.h; sourceTree = "<group>"; };
		029B1A4A211D14D600CCAA7A /* RulerLayer.m */ = {isa = PBXFileReference; fileEncoding = 4; lastKnownFileType = sourcecode.c.objc; path = RulerLayer.m; sourceTree = "<group>"; };
		029B1A4B211D14D600CCAA7A /* VectorMath.h */ = {isa = PBXFileReference; fileEncoding = 4; lastKnownFileType = sourcecode.c.h; path = VectorMath.h; sourceTree = "<group>"; };
		029B1A4C211D14D600CCAA7A /* TagInfo.h */ = {isa = PBXFileReference; fileEncoding = 4; lastKnownFileType = sourcecode.c.h; path = TagInfo.h; sourceTree = "<group>"; };
		029B1A4D211D14D600CCAA7A /* Database.h */ = {isa = PBXFileReference; fileEncoding = 4; lastKnownFileType = sourcecode.c.h; path = Database.h; sourceTree = "<group>"; };
		029B1A4E211D14D600CCAA7A /* OsmNotesDatabase.m */ = {isa = PBXFileReference; fileEncoding = 4; lastKnownFileType = sourcecode.c.objc; path = OsmNotesDatabase.m; sourceTree = "<group>"; };
		029B1A4F211D14D700CCAA7A /* GpxLayer.h */ = {isa = PBXFileReference; fileEncoding = 4; lastKnownFileType = sourcecode.c.h; path = GpxLayer.h; sourceTree = "<group>"; };
		029B1A50211D14D700CCAA7A /* RulerLayer.h */ = {isa = PBXFileReference; fileEncoding = 4; lastKnownFileType = sourcecode.c.h; path = RulerLayer.h; sourceTree = "<group>"; };
		029B1A51211D14D700CCAA7A /* OsmMapData.m */ = {isa = PBXFileReference; fileEncoding = 4; lastKnownFileType = sourcecode.c.objc; path = OsmMapData.m; sourceTree = "<group>"; };
		029B1A52211D14D700CCAA7A /* TagInfo.menu.xml */ = {isa = PBXFileReference; fileEncoding = 4; lastKnownFileType = text.xml; path = TagInfo.menu.xml; sourceTree = "<group>"; };
		029B1A53211D14D700CCAA7A /* DisplayLink.h */ = {isa = PBXFileReference; fileEncoding = 4; lastKnownFileType = sourcecode.c.h; path = DisplayLink.h; sourceTree = "<group>"; };
		029B1A55211D14D700CCAA7A /* LocationBallLayer.h */ = {isa = PBXFileReference; fileEncoding = 4; lastKnownFileType = sourcecode.c.h; path = LocationBallLayer.h; sourceTree = "<group>"; };
		029B1A56211D14D700CCAA7A /* KeyChain.m */ = {isa = PBXFileReference; fileEncoding = 4; lastKnownFileType = sourcecode.c.objc; path = KeyChain.m; sourceTree = "<group>"; };
		029B1A57211D14D800CCAA7A /* DLog.h */ = {isa = PBXFileReference; fileEncoding = 4; lastKnownFileType = sourcecode.c.h; path = DLog.h; sourceTree = "<group>"; };
		029B1A58211D14D800CCAA7A /* TagInfo.m */ = {isa = PBXFileReference; fileEncoding = 4; lastKnownFileType = sourcecode.c.objc; path = TagInfo.m; sourceTree = "<group>"; };
		029B1A59211D14D800CCAA7A /* TagInfo.xml */ = {isa = PBXFileReference; fileEncoding = 4; lastKnownFileType = text.xml; path = TagInfo.xml; sourceTree = "<group>"; };
		029B1A5A211D14D800CCAA7A /* CommonTagList.h */ = {isa = PBXFileReference; fileEncoding = 4; lastKnownFileType = sourcecode.c.h; path = CommonTagList.h; sourceTree = "<group>"; };
		029B1A7B211D157700CCAA7A /* iosapi.h */ = {isa = PBXFileReference; lastKnownFileType = sourcecode.c.h; name = iosapi.h; path = ../Shared/iosapi.h; sourceTree = SOURCE_ROOT; };
		02C4254C1677F7BE00761C54 /* DetailDisclosure.png */ = {isa = PBXFileReference; lastKnownFileType = image.png; name = DetailDisclosure.png; path = ../Images/DetailDisclosure.png; sourceTree = "<group>"; };
		02CCCEF7194A9F7E00FCE2F6 /* CoreServices.framework */ = {isa = PBXFileReference; lastKnownFileType = wrapper.framework; name = CoreServices.framework; path = System/Library/Frameworks/CoreServices.framework; sourceTree = SDKROOT; };
		02CCCEFC194AA14C00FCE2F6 /* Foundation.framework */ = {isa = PBXFileReference; lastKnownFileType = wrapper.framework; name = Foundation.framework; path = System/Library/Frameworks/Foundation.framework; sourceTree = SDKROOT; };
		02DD196F2159C51F0008CFC2 /* NetworkStatus.h */ = {isa = PBXFileReference; fileEncoding = 4; lastKnownFileType = sourcecode.c.h; path = NetworkStatus.h; sourceTree = "<group>"; };
		02DD19702159C51F0008CFC2 /* NetworkStatus.m */ = {isa = PBXFileReference; fileEncoding = 4; lastKnownFileType = sourcecode.c.objc; path = NetworkStatus.m; sourceTree = "<group>"; };
		02FE3F5515F113CA00A6CFAE /* OpenStreetMap.app */ = {isa = PBXFileReference; explicitFileType = wrapper.application; includeInIndex = 0; path = OpenStreetMap.app; sourceTree = BUILT_PRODUCTS_DIR; };
		02FE3F5915F113CA00A6CFAE /* Cocoa.framework */ = {isa = PBXFileReference; lastKnownFileType = wrapper.framework; name = Cocoa.framework; path = System/Library/Frameworks/Cocoa.framework; sourceTree = SDKROOT; };
		02FE3F5C15F113CA00A6CFAE /* AppKit.framework */ = {isa = PBXFileReference; lastKnownFileType = wrapper.framework; name = AppKit.framework; path = System/Library/Frameworks/AppKit.framework; sourceTree = SDKROOT; };
		02FE3F5D15F113CA00A6CFAE /* CoreData.framework */ = {isa = PBXFileReference; lastKnownFileType = wrapper.framework; name = CoreData.framework; path = System/Library/Frameworks/CoreData.framework; sourceTree = SDKROOT; };
		02FE3F6115F113CA00A6CFAE /* OpenStreetMap-Info.plist */ = {isa = PBXFileReference; lastKnownFileType = text.plist.xml; path = "OpenStreetMap-Info.plist"; sourceTree = "<group>"; };
		02FE3F6715F113CA00A6CFAE /* OpenStreetMap-Prefix.pch */ = {isa = PBXFileReference; lastKnownFileType = sourcecode.c.h; path = "OpenStreetMap-Prefix.pch"; sourceTree = "<group>"; };
		02FE3F8615F13C7300A6CFAE /* libbz2.dylib */ = {isa = PBXFileReference; lastKnownFileType = "compiled.mach-o.dylib"; name = libbz2.dylib; path = usr/lib/libbz2.dylib; sourceTree = SDKROOT; };
/* End PBXFileReference section */

/* Begin PBXFrameworksBuildPhase section */
		02FE3F5215F113CA00A6CFAE /* Frameworks */ = {
			isa = PBXFrameworksBuildPhase;
			buildActionMask = 2147483647;
			files = (
				02CCCEFD194AA14C00FCE2F6 /* Foundation.framework in Frameworks */,
				029AD6F41642EDC40045B20D /* WebKit.framework in Frameworks */,
				029AD6EA164207340045B20D /* libsqlite3.0.dylib in Frameworks */,
				026E8CC31612DF620098345C /* QuartzCore.framework in Frameworks */,
				026E8CB21612B7CA0098345C /* CoreLocation.framework in Frameworks */,
				02FE3F8715F13C7300A6CFAE /* libbz2.dylib in Frameworks */,
				02FE3F5A15F113CA00A6CFAE /* Cocoa.framework in Frameworks */,
			);
			runOnlyForDeploymentPostprocessing = 0;
		};
/* End PBXFrameworksBuildPhase section */

/* Begin PBXGroup section */
		029B19E9211D144700CCAA7A /* Mac */ = {
			isa = PBXGroup;
			children = (
				029B19F3211D146100CCAA7A /* AppDelegate.h */,
				029B1A06211D146300CCAA7A /* AppDelegate.m */,
				029B19F1211D146100CCAA7A /* changeset copy.xsl */,
				029B1A01211D146200CCAA7A /* ChangesWindowController.h */,
				029B19F5211D146100CCAA7A /* ChangesWindowController.m */,
				029B19F7211D146200CCAA7A /* ChangesWindowController.xib */,
				029B19FA211D146200CCAA7A /* HtmlErrorWindow.h */,
				029B1A03211D146200CCAA7A /* HtmlErrorWindow.m */,
				029B1A08211D146300CCAA7A /* HtmlErrorWindow.xib */,
				029B1A07211D146300CCAA7A /* main.m */,
				029B19F2211D146100CCAA7A /* MainWindowController.h */,
				029B19FD211D146200CCAA7A /* MainWindowController.m */,
				029B19ED211D146100CCAA7A /* OpenStreetMap-Info.plist */,
				029B19FE211D146200CCAA7A /* OpenStreetMap-Prefix.pch */,
				029B19FF211D146200CCAA7A /* OpenStreetMap.entitlements */,
				029B19F6211D146100CCAA7A /* TabbingTableView.h */,
				029B19F8211D146200CCAA7A /* TabbingTableView.m */,
				029B19F0211D146100CCAA7A /* TagEditorWindowController.h */,
				029B19F9211D146200CCAA7A /* TagEditorWindowController.m */,
				029B19EF211D146100CCAA7A /* TagEditorWindowController.xib */,
				029B19EC211D146100CCAA7A /* TagInfoEditorWindowController.h */,
				029B19EE211D146100CCAA7A /* TagInfoEditorWindowController.m */,
				029B19EA211D146100CCAA7A /* TagInfoEditorWindowController.xib */,
				029B19FB211D146200CCAA7A /* TextInputWindowController.h */,
				029B19F4211D146100CCAA7A /* TextInputWindowController.m */,
				029B1A05211D146300CCAA7A /* TextInputWindowController.xib */,
				029B19FC211D146200CCAA7A /* TODO */,
				029B1A02211D146200CCAA7A /* UsersWindowController.h */,
				029B1A00211D146200CCAA7A /* UsersWindowController.m */,
				029B19EB211D146100CCAA7A /* UsersWindowController.xib */,
			);
			name = Mac;
			sourceTree = "<group>";
		};
		029B1A1D211D149B00CCAA7A /* Shared */ = {
			isa = PBXGroup;
			children = (
				02DD196F2159C51F0008CFC2 /* NetworkStatus.h */,
				02DD19702159C51F0008CFC2 /* NetworkStatus.m */,
				029B1A7B211D157700CCAA7A /* iosapi.h */,
				029B1A33211D14D300CCAA7A /* AerialList.h */,
				029B1A37211D14D400CCAA7A /* AerialList.m */,
				029B1A34211D14D300CCAA7A /* BingMapsGeometry.h */,
				029B1A2C211D14D300CCAA7A /* changeset.xsl */,
				029B1A5A211D14D800CCAA7A /* CommonTagList.h */,
				029B1A1F211D14D200CCAA7A /* CommonTagList.m */,
				029B1A21211D14D200CCAA7A /* CurvedTextLayer.h */,
				029B1A42211D14D500CCAA7A /* CurvedTextLayer.m */,
				029B1A4D211D14D600CCAA7A /* Database.h */,
				029B1A30211D14D300CCAA7A /* Database.m */,
				029B1A53211D14D700CCAA7A /* DisplayLink.h */,
				029B1A29211D14D200CCAA7A /* DisplayLink.m */,
				029B1A57211D14D800CCAA7A /* DLog.h */,
				029B1A32211D14D300CCAA7A /* DownloadThreadPool.h */,
				029B1A25211D14D200CCAA7A /* DownloadThreadPool.m */,
				029B1A27211D14D200CCAA7A /* EditorMapLayer.h */,
				029B1A47211D14D500CCAA7A /* EditorMapLayer.m */,
				029B1A26211D14D200CCAA7A /* ExternalGPS.h */,
				029B1A20211D14D200CCAA7A /* ExternalGPS.m */,
				029B1A4F211D14D700CCAA7A /* GpxLayer.h */,
				029B1A2F211D14D300CCAA7A /* GpxLayer.m */,
				029B1A31211D14D300CCAA7A /* KeyChain.h */,
				029B1A56211D14D700CCAA7A /* KeyChain.m */,
				029B1A55211D14D700CCAA7A /* LocationBallLayer.h */,
				029B1A22211D14D200CCAA7A /* LocationBallLayer.m */,
				029B1A3E211D14D400CCAA7A /* MapView.h */,
				029B1A3F211D14D400CCAA7A /* MapView.m */,
				029B1A2B211D14D300CCAA7A /* MercatorTileLayer.h */,
				029B1A2A211D14D300CCAA7A /* MercatorTileLayer.m */,
				029B1A2D211D14D300CCAA7A /* NSMutableArray+PartialSort.h */,
				029B1A39211D14D400CCAA7A /* NSMutableArray+PartialSort.mm */,
				029B1A43211D14D500CCAA7A /* OsmMapData.h */,
				029B1A51211D14D700CCAA7A /* OsmMapData.m */,
				029B1A48211D14D600CCAA7A /* OsmMapData+Edit.h */,
				029B1A24211D14D200CCAA7A /* OsmMapData+Edit.m */,
				029B1A41211D14D500CCAA7A /* OsmNotesDatabase.h */,
				029B1A4E211D14D600CCAA7A /* OsmNotesDatabase.m */,
				029B1A2E211D14D300CCAA7A /* OsmObjects.h */,
				029B1A3B211D14D400CCAA7A /* OsmObjects.m */,
				029B1A49211D14D600CCAA7A /* PathUtil.h */,
				029B1A38211D14D400CCAA7A /* PathUtil.m */,
				029B1A36211D14D400CCAA7A /* QuadMap.h */,
				029B1A45211D14D500CCAA7A /* QuadMap.m */,
				029B1A3C211D14D400CCAA7A /* QuadMapC.mm */,
				029B1A50211D14D700CCAA7A /* RulerLayer.h */,
				029B1A4A211D14D600CCAA7A /* RulerLayer.m */,
				029B1A3A211D14D400CCAA7A /* SpeechBalloonLayer.h */,
				029B1A35211D14D300CCAA7A /* SpeechBalloonLayer.m */,
				029B1A28211D14D200CCAA7A /* SpeechBalloonView.h */,
				029B1A40211D14D500CCAA7A /* SpeechBalloonView.m */,
				029B1A4C211D14D600CCAA7A /* TagInfo.h */,
				029B1A58211D14D800CCAA7A /* TagInfo.m */,
				029B1A52211D14D700CCAA7A /* TagInfo.menu.xml */,
				029B1A59211D14D800CCAA7A /* TagInfo.xml */,
				029B1A46211D14D500CCAA7A /* UndoManager.h */,
				029B1A44211D14D500CCAA7A /* UndoManager.m */,
				029B1A4B211D14D600CCAA7A /* VectorMath.h */,
				029B1A3D211D14D400CCAA7A /* VectorMath.m */,
			);
			name = Shared;
			path = ../Shared;
			sourceTree = "<group>";
		};
		02DFBBB816345FE80021F1C9 /* Resources */ = {
			isa = PBXGroup;
			children = (
				029B19E4211D12FB00CCAA7A /* Credits.rtf */,
				029B19E6211D12FC00CCAA7A /* InfoPlist.strings */,
				029B19E5211D12FB00CCAA7A /* MainMenu.xib */,
				029B19E3211D12FB00CCAA7A /* MainWindow.xib */,
				021F713B211D040A000BFA32 /* BingLogo.png */,
				02117CB5163DBBB800EFC9CE /* BingPlaceholderImage.png */,
				02117CB3163D9FE700EFC9CE /* BlueBall.png */,
				02C4254C1677F7BE00761C54 /* DetailDisclosure.png */,
				027A469F1673BA2B000BE55C /* OSM-Logo256.ico */,
			);
			name = Resources;
			path = ../Images;
			sourceTree = "<group>";
		};
		02FE3F4A15F113CA00A6CFAE = {
			isa = PBXGroup;
			children = (
				029B1A1D211D149B00CCAA7A /* Shared */,
				029B19E9211D144700CCAA7A /* Mac */,
				021F713D211D0C13000BFA32 /* png */,
				02FE3F5F15F113CA00A6CFAE /* OpenStreetMap */,
				02FE3F5815F113CA00A6CFAE /* Frameworks */,
				02FE3F5615F113CA00A6CFAE /* Products */,
			);
			sourceTree = "<group>";
		};
		02FE3F5615F113CA00A6CFAE /* Products */ = {
			isa = PBXGroup;
			children = (
				02FE3F5515F113CA00A6CFAE /* OpenStreetMap.app */,
			);
			name = Products;
			sourceTree = "<group>";
		};
		02FE3F5815F113CA00A6CFAE /* Frameworks */ = {
			isa = PBXGroup;
			children = (
				02CCCEF7194A9F7E00FCE2F6 /* CoreServices.framework */,
				02FE3F5915F113CA00A6CFAE /* Cocoa.framework */,
				02CCCEFC194AA14C00FCE2F6 /* Foundation.framework */,
				026E8CB11612B7CA0098345C /* CoreLocation.framework */,
				02FE3F8615F13C7300A6CFAE /* libbz2.dylib */,
				029AD6E9164207340045B20D /* libsqlite3.0.dylib */,
				02FE3F5C15F113CA00A6CFAE /* AppKit.framework */,
				02FE3F5D15F113CA00A6CFAE /* CoreData.framework */,
				026E8CC21612DF620098345C /* QuartzCore.framework */,
				029AD6F31642EDC40045B20D /* WebKit.framework */,
			);
			name = Frameworks;
			sourceTree = "<group>";
		};
		02FE3F5F15F113CA00A6CFAE /* OpenStreetMap */ = {
			isa = PBXGroup;
			children = (
				02DFBBB816345FE80021F1C9 /* Resources */,
				02FE3F6015F113CA00A6CFAE /* Supporting Files */,
			);
			name = OpenStreetMap;
			sourceTree = "<group>";
		};
		02FE3F6015F113CA00A6CFAE /* Supporting Files */ = {
			isa = PBXGroup;
			children = (
				0275B3B61615819500124A14 /* OpenStreetMap.entitlements */,
				02FE3F6115F113CA00A6CFAE /* OpenStreetMap-Info.plist */,
				02FE3F6715F113CA00A6CFAE /* OpenStreetMap-Prefix.pch */,
			);
			name = "Supporting Files";
			sourceTree = "<group>";
		};
/* End PBXGroup section */

/* Begin PBXNativeTarget section */
		02FE3F5415F113CA00A6CFAE /* OpenStreetMap */ = {
			isa = PBXNativeTarget;
			buildConfigurationList = 02FE3F7315F113CA00A6CFAE /* Build configuration list for PBXNativeTarget "OpenStreetMap" */;
			buildPhases = (
				02FE3F5115F113CA00A6CFAE /* Sources */,
				02FE3F5215F113CA00A6CFAE /* Frameworks */,
				02FE3F5315F113CA00A6CFAE /* Resources */,
			);
			buildRules = (
			);
			dependencies = (
			);
			name = OpenStreetMap;
			productName = OpenStreetMap;
			productReference = 02FE3F5515F113CA00A6CFAE /* OpenStreetMap.app */;
			productType = "com.apple.product-type.application";
		};
/* End PBXNativeTarget section */

/* Begin PBXProject section */
		02FE3F4C15F113CA00A6CFAE /* Project object */ = {
			isa = PBXProject;
			attributes = {
				LastUpgradeCheck = 0450;
				ORGANIZATIONNAME = Bryce;
				TargetAttributes = {
					02FE3F5415F113CA00A6CFAE = {
						DevelopmentTeam = MKTTC6734C;
					};
				};
			};
			buildConfigurationList = 02FE3F4F15F113CA00A6CFAE /* Build configuration list for PBXProject "OpenStreetMap" */;
			compatibilityVersion = "Xcode 3.2";
			developmentRegion = English;
			hasScannedForEncodings = 0;
			knownRegions = (
				en,
			);
			mainGroup = 02FE3F4A15F113CA00A6CFAE;
			productRefGroup = 02FE3F5615F113CA00A6CFAE /* Products */;
			projectDirPath = "";
			projectRoot = "";
			targets = (
				02FE3F5415F113CA00A6CFAE /* OpenStreetMap */,
			);
		};
/* End PBXProject section */

/* Begin PBXResourcesBuildPhase section */
		02FE3F5315F113CA00A6CFAE /* Resources */ = {
			isa = PBXResourcesBuildPhase;
			buildActionMask = 2147483647;
			files = (
				029B1A0E211D146300CCAA7A /* changeset copy.xsl in Resources */,
				029B1A0D211D146300CCAA7A /* TagEditorWindowController.xib in Resources */,
				029B19E7211D137600CCAA7A /* MainMenu.xib in Resources */,
				029B1A19211D146300CCAA7A /* TextInputWindowController.xib in Resources */,
				029B19E8211D137600CCAA7A /* MainWindow.xib in Resources */,
				029B1A76211D14D800CCAA7A /* TagInfo.menu.xml in Resources */,
				02117CB4163D9FE700EFC9CE /* BlueBall.png in Resources */,
				029B1A14211D146300CCAA7A /* TODO in Resources */,
				029B1A09211D146300CCAA7A /* TagInfoEditorWindowController.xib in Resources */,
				029B1A7A211D14D800CCAA7A /* TagInfo.xml in Resources */,
				02117CB6163DBBB800EFC9CE /* BingPlaceholderImage.png in Resources */,
				021F713C211D040B000BFA32 /* BingLogo.png in Resources */,
				029B1A0A211D146300CCAA7A /* UsersWindowController.xib in Resources */,
				029B1A63211D14D800CCAA7A /* changeset.xsl in Resources */,
				021F713E211D0C13000BFA32 /* png in Resources */,
				027A46A01673BA2C000BE55C /* OSM-Logo256.ico in Resources */,
				029B1A1C211D146300CCAA7A /* HtmlErrorWindow.xib in Resources */,
				02C4254D1677F7BE00761C54 /* DetailDisclosure.png in Resources */,
				029B1A11211D146300CCAA7A /* ChangesWindowController.xib in Resources */,
			);
			runOnlyForDeploymentPostprocessing = 0;
		};
/* End PBXResourcesBuildPhase section */

/* Begin PBXSourcesBuildPhase section */
		02FE3F5115F113CA00A6CFAE /* Sources */ = {
			isa = PBXSourcesBuildPhase;
			buildActionMask = 2147483647;
			files = (
				029B1A71211D14D800CCAA7A /* QuadMap.m in Sources */,
				029B1A6F211D14D800CCAA7A /* CurvedTextLayer.m in Sources */,
				029B1A68211D14D800CCAA7A /* PathUtil.m in Sources */,
				029B1A16211D146300CCAA7A /* UsersWindowController.m in Sources */,
				029B1A79211D14D800CCAA7A /* TagInfo.m in Sources */,
				029B1A17211D146300CCAA7A /* HtmlErrorWindow.m in Sources */,
				029B1A62211D14D800CCAA7A /* MercatorTileLayer.m in Sources */,
				029B1A6E211D14D800CCAA7A /* SpeechBalloonView.m in Sources */,
				029B1A6A211D14D800CCAA7A /* OsmObjects.m in Sources */,
				029B1A67211D14D800CCAA7A /* AerialList.m in Sources */,
				029B1A66211D14D800CCAA7A /* SpeechBalloonLayer.m in Sources */,
				029B1A0F211D146300CCAA7A /* TextInputWindowController.m in Sources */,
				029B1A6B211D14D800CCAA7A /* QuadMapC.mm in Sources */,
				029B1A64211D14D800CCAA7A /* GpxLayer.m in Sources */,
				029B1A73211D14D800CCAA7A /* RulerLayer.m in Sources */,
				029B1A75211D14D800CCAA7A /* OsmMapData.m in Sources */,
				029B1A60211D14D800CCAA7A /* DownloadThreadPool.m in Sources */,
				02DD19712159C51F0008CFC2 /* NetworkStatus.m in Sources */,
				029B1A5F211D14D800CCAA7A /* OsmMapData+Edit.m in Sources */,
				029B1A12211D146300CCAA7A /* TabbingTableView.m in Sources */,
				029B1A72211D14D800CCAA7A /* EditorMapLayer.m in Sources */,
				029B1A1A211D146300CCAA7A /* AppDelegate.m in Sources */,
				029B1A10211D146300CCAA7A /* ChangesWindowController.m in Sources */,
				029B1A69211D14D800CCAA7A /* NSMutableArray+PartialSort.mm in Sources */,
				029B1A74211D14D800CCAA7A /* OsmNotesDatabase.m in Sources */,
				029B1A15211D146300CCAA7A /* MainWindowController.m in Sources */,
				029B1A61211D14D800CCAA7A /* DisplayLink.m in Sources */,
				029B1A5D211D14D800CCAA7A /* LocationBallLayer.m in Sources */,
				029B1A6C211D14D800CCAA7A /* VectorMath.m in Sources */,
				029B1A13211D146300CCAA7A /* TagEditorWindowController.m in Sources */,
				029B1A78211D14D800CCAA7A /* KeyChain.m in Sources */,
				029B1A70211D14D800CCAA7A /* UndoManager.m in Sources */,
				029B1A65211D14D800CCAA7A /* Database.m in Sources */,
				029B1A1B211D146300CCAA7A /* main.m in Sources */,
				029B1A6D211D14D800CCAA7A /* MapView.m in Sources */,
				029B1A0C211D146300CCAA7A /* TagInfoEditorWindowController.m in Sources */,
				029B1A5B211D14D800CCAA7A /* CommonTagList.m in Sources */,
				029B1A5C211D14D800CCAA7A /* ExternalGPS.m in Sources */,
			);
			runOnlyForDeploymentPostprocessing = 0;
		};
/* End PBXSourcesBuildPhase section */

/* Begin XCBuildConfiguration section */
		02FE3F7115F113CA00A6CFAE /* Debug */ = {
			isa = XCBuildConfiguration;
			buildSettings = {
				ALWAYS_SEARCH_USER_PATHS = NO;
				ARCHS = "$(ARCHS_STANDARD_64_BIT)";
				CLANG_CXX_LANGUAGE_STANDARD = "gnu++0x";
				CLANG_CXX_LIBRARY = "libc++";
				CLANG_ENABLE_OBJC_ARC = YES;
				CLANG_WARN__DUPLICATE_METHOD_MATCH = YES;
				COPY_PHASE_STRIP = NO;
				GCC_C_LANGUAGE_STANDARD = gnu99;
				GCC_DYNAMIC_NO_PIC = NO;
				GCC_ENABLE_OBJC_EXCEPTIONS = YES;
				GCC_OPTIMIZATION_LEVEL = 0;
				GCC_PREPROCESSOR_DEFINITIONS = (
					"DEBUG=1",
					"$(inherited)",
				);
				GCC_SYMBOLS_PRIVATE_EXTERN = NO;
				GCC_WARN_64_TO_32_BIT_CONVERSION = YES;
				GCC_WARN_ABOUT_RETURN_TYPE = YES;
				GCC_WARN_UNINITIALIZED_AUTOS = YES;
				GCC_WARN_UNUSED_VARIABLE = YES;
				MACOSX_DEPLOYMENT_TARGET = 10.13;
				ONLY_ACTIVE_ARCH = YES;
				SDKROOT = macosx;
			};
			name = Debug;
		};
		02FE3F7215F113CA00A6CFAE /* Release */ = {
			isa = XCBuildConfiguration;
			buildSettings = {
				ALWAYS_SEARCH_USER_PATHS = NO;
				ARCHS = "$(ARCHS_STANDARD_64_BIT)";
				CLANG_CXX_LANGUAGE_STANDARD = "gnu++0x";
				CLANG_CXX_LIBRARY = "libc++";
				CLANG_ENABLE_OBJC_ARC = YES;
				CLANG_WARN__DUPLICATE_METHOD_MATCH = YES;
				COPY_PHASE_STRIP = YES;
				DEBUG_INFORMATION_FORMAT = "dwarf-with-dsym";
				GCC_C_LANGUAGE_STANDARD = gnu99;
				GCC_ENABLE_OBJC_EXCEPTIONS = YES;
				GCC_WARN_64_TO_32_BIT_CONVERSION = YES;
				GCC_WARN_ABOUT_RETURN_TYPE = YES;
				GCC_WARN_UNINITIALIZED_AUTOS = YES;
				GCC_WARN_UNUSED_VARIABLE = YES;
				MACOSX_DEPLOYMENT_TARGET = 10.13;
				SDKROOT = macosx;
			};
			name = Release;
		};
		02FE3F7415F113CA00A6CFAE /* Debug */ = {
			isa = XCBuildConfiguration;
			buildSettings = {
				CODE_SIGN_ENTITLEMENTS = OpenStreetMap.entitlements;
				CODE_SIGN_IDENTITY = "Mac Developer";
				"CODE_SIGN_IDENTITY[sdk=macosx*]" = "Mac Developer";
				COMBINE_HIDPI_IMAGES = YES;
				GCC_PRECOMPILE_PREFIX_HEADER = YES;
				GCC_PREFIX_HEADER = "OpenStreetMap-Prefix.pch";
				INFOPLIST_FILE = "Mac/OpenStreetMap-Info.plist";
				PRODUCT_NAME = "$(TARGET_NAME)";
				PROVISIONING_PROFILE = "";
				WRAPPER_EXTENSION = app;
			};
			name = Debug;
		};
		02FE3F7515F113CA00A6CFAE /* Release */ = {
			isa = XCBuildConfiguration;
			buildSettings = {
				CODE_SIGN_ENTITLEMENTS = OpenStreetMap.entitlements;
				CODE_SIGN_IDENTITY = "Mac Developer";
				"CODE_SIGN_IDENTITY[sdk=macosx*]" = "Mac Developer";
				COMBINE_HIDPI_IMAGES = YES;
				GCC_PRECOMPILE_PREFIX_HEADER = YES;
				GCC_PREFIX_HEADER = "OpenStreetMap-Prefix.pch";
				INFOPLIST_FILE = "Mac/OpenStreetMap-Info.plist";
				PRODUCT_NAME = "$(TARGET_NAME)";
				PROVISIONING_PROFILE = "";
				WRAPPER_EXTENSION = app;
			};
			name = Release;
		};
/* End XCBuildConfiguration section */

/* Begin XCConfigurationList section */
		02FE3F4F15F113CA00A6CFAE /* Build configuration list for PBXProject "OpenStreetMap" */ = {
			isa = XCConfigurationList;
			buildConfigurations = (
				02FE3F7115F113CA00A6CFAE /* Debug */,
				02FE3F7215F113CA00A6CFAE /* Release */,
			);
			defaultConfigurationIsVisible = 0;
			defaultConfigurationName = Release;
		};
		02FE3F7315F113CA00A6CFAE /* Build configuration list for PBXNativeTarget "OpenStreetMap" */ = {
			isa = XCConfigurationList;
			buildConfigurations = (
				02FE3F7415F113CA00A6CFAE /* Debug */,
				02FE3F7515F113CA00A6CFAE /* Release */,
			);
			defaultConfigurationIsVisible = 0;
			defaultConfigurationName = Release;
		};
/* End XCConfigurationList section */
	};
	rootObject = 02FE3F4C15F113CA00A6CFAE /* Project object */;
}
